
Microsoft Visual Studio Solution File, Format Version 12.00
# Visual Studio Version 17
VisualStudioVersion = 17.10.34928.147
MinimumVisualStudioVersion = 10.0.40219.1
Project("{FAE04EC0-301F-11D3-BF4B-00C04F79EFBC}") = "TAREA2", "TAREA2.csproj", "{988ACF61-B9B5-4701-8A83-1DD970EF47AE}"
EndProject
Global
	GlobalSection(SolutionConfigurationPlatforms) = preSolution
		Debug|Any CPU = Debug|Any CPU
		Release|Any CPU = Release|Any CPU
	EndGlobalSection
	GlobalSection(ProjectConfigurationPlatforms) = postSolution
		{988ACF61-B9B5-4701-8A83-1DD970EF47AE}.Debug|Any CPU.ActiveCfg = Debug|Any CPU
		{988ACF61-B9B5-4701-8A83-1DD970EF47AE}.Debug|Any CPU.Build.0 = Debug|Any CPU
		{988ACF61-B9B5-4701-8A83-1DD970EF47AE}.Debug|Any CPU.Deploy.0 = Debug|Any CPU
		{988ACF61-B9B5-4701-8A83-1DD970EF47AE}.Release|Any CPU.ActiveCfg = Release|Any CPU
		{988ACF61-B9B5-4701-8A83-1DD970EF47AE}.Release|Any CPU.Build.0 = Release|Any CPU
		{988ACF61-B9B5-4701-8A83-1DD970EF47AE}.Release|Any CPU.Deploy.0 = Release|Any CPU
	EndGlobalSection
	GlobalSection(SolutionProperties) = preSolution
		HideSolutionNode = FALSE
	EndGlobalSection
	GlobalSection(ExtensibilityGlobals) = postSolution
		SolutionGuid = {1428760F-9905-4DEC-8C20-E6E342862151}
	EndGlobalSection
EndGlobal
